
Microsoft Visual Studio Solution File, Format Version 12.00
# Visual Studio Version 17
VisualStudioVersion = 17.9.34607.119
MinimumVisualStudioVersion = 10.0.40219.1
Project("{FAE04EC0-301F-11D3-BF4B-00C04F79EFBC}") = "EntBossHP", "EntBossHP.csproj", "{A3EDB1D5-171E-4FD4-B11E-DB48ABDAF53D}"
EndProject
Global
	GlobalSection(SolutionConfigurationPlatforms) = preSolution
		Debug|Any CPU = Debug|Any CPU
		Release|Any CPU = Release|Any CPU
	EndGlobalSection
	GlobalSection(ProjectConfigurationPlatforms) = postSolution
		{A3EDB1D5-171E-4FD4-B11E-DB48ABDAF53D}.Debug|Any CPU.ActiveCfg = Debug|Any CPU
		{A3EDB1D5-171E-4FD4-B11E-DB48ABDAF53D}.Debug|Any CPU.Build.0 = Debug|Any CPU
		{A3EDB1D5-171E-4FD4-B11E-DB48ABDAF53D}.Release|Any CPU.ActiveCfg = Release|Any CPU
		{A3EDB1D5-171E-4FD4-B11E-DB48ABDAF53D}.Release|Any CPU.Build.0 = Release|Any CPU
	EndGlobalSection
	GlobalSection(SolutionProperties) = preSolution
		HideSolutionNode = FALSE
	EndGlobalSection
	GlobalSection(ExtensibilityGlobals) = postSolution
		SolutionGuid = {612B6BC6-CC3C-4D2B-8D64-C0B076C4A762}
	EndGlobalSection
EndGlobal
